# This file was autogenerated by Stack.
# You should not edit this file by hand.
# For more information, please see the documentation at:
#   https://docs.haskellstack.org/en/stable/lock_files

packages:
- completed:
    hackage: fallible-0.1.0@sha256:0e0032c34120a43bf1d446172162b546e36441c38f620afb24e9d447ed7ce6b6,1312
    pantry-tree:
      size: 369
      sha256: 7de6ccd3ae9fa01eafdb02afdd5a50f1f6babf48aeb31afa21d0329f0fdd19d1
  original:
    hackage: fallible-0.1.0
- completed:
    hackage: extensible-0.8@sha256:45ca089909ae434329e4d05dc557be94ff04f24c43ff9b915bd90c0599c83211,2911
    pantry-tree:
      size: 2097
      sha256: d602c9d623afd9186a4d55898ef97f0dfb7f81ffbd5bae86e2238b3694d702fb
  original:
    hackage: extensible-0.8
- completed:
    hackage: membership-0@sha256:3a11d8fd53cb1a76bb9273e6c929bbf9d649f109714bf487abb3143be04ddc81,995
    pantry-tree:
      size: 408
      sha256: 3b593e0d14e848e318e745555776ebb25210e5e3dec4fde5d3c08ab51ceddc62
  original:
    hackage: membership-0
- completed:
    size: 8476
    subdir: mix
    url: https://github.com/matsubara0507/mix.hs/archive/a0b2b9394c340186c9a8a63808f0db1752ada4ae.tar.gz
    name: mix
    version: 0.1.1
    sha256: f879d5d044d8531814a8cd5bbda08ab2a513eb04a150e44526ea0f49961e38a1
    pantry-tree:
      size: 598
      sha256: 689bed307dc233a6c50e01f00295a079dc40a4291700646f3ca423d714ba35fc
  original:
    subdir: mix
    url: https://github.com/matsubara0507/mix.hs/archive/a0b2b9394c340186c9a8a63808f0db1752ada4ae.tar.gz
- completed:
    size: 8476
    subdir: mix-plugin-shell
    url: https://github.com/matsubara0507/mix.hs/archive/a0b2b9394c340186c9a8a63808f0db1752ada4ae.tar.gz
    name: mix-plugin-shell
    version: 0.1.0
    sha256: f879d5d044d8531814a8cd5bbda08ab2a513eb04a150e44526ea0f49961e38a1
    pantry-tree:
      size: 383
      sha256: 7bbce9d5ea01f6432cecf3151b7c93751d508c0b28444436365eebda58f599d8
  original:
    subdir: mix-plugin-shell
    url: https://github.com/matsubara0507/mix.hs/archive/a0b2b9394c340186c9a8a63808f0db1752ada4ae.tar.gz
- completed:
    size: 8114
    subdir: simple-api
    url: https://github.com/matsubara0507/extensible-ext/archive/a9c5e50696f8205d17628625f5b724ef92557aeb.tar.gz
    name: simple-api
    version: 0.1.0
    sha256: 94d90fc6742a4c94acdda08500269526ee438265f6b8e9aac2ed6249af013130
    pantry-tree:
      size: 510
      sha256: e15a0ce8615f585a7880552ca5416dde18680f68be0aa89d46d9b73e3f9c1bec
  original:
    subdir: simple-api
    url: https://github.com/matsubara0507/extensible-ext/archive/a9c5e50696f8205d17628625f5b724ef92557aeb.tar.gz
- completed:
    size: 13804
    url: https://github.com/matsubara0507/slackell/archive/6c8aeefa4c44be4f70537bb9879756d53b705c94.tar.gz
    name: slackell
    version: 0.1.0
    sha256: 449ae5cb28ab5545cb812ab8164b7d06bf2861c8222e8f145d97a01ae1ccbf6d
    pantry-tree:
      size: 3055
      sha256: 004cc74095119841e8bd919f709c58084bb49caec60c09860eef35d4dbbf0b5d
  original:
    url: https://github.com/matsubara0507/slackell/archive/6c8aeefa4c44be4f70537bb9879756d53b705c94.tar.gz
snapshots:
- completed:
    size: 531674
    url: https://raw.githubusercontent.com/commercialhaskell/stackage-snapshots/master/lts/16/2.yaml
    sha256: 4b08fb9338ca297de7ade8318f4be1216f14dff8c0426c001fb7886ee88cb84a
  original: lts-16.2
